
Microsoft Visual Studio Solution File, Format Version 12.00
# Visual Studio Version 17
VisualStudioVersion = 17.4.33110.190
MinimumVisualStudioVersion = 10.0.40219.1
Project("{9A19103F-16F7-4668-BE54-9A1E7A4F7556}") = "Day1", "Day1\Day1.csproj", "{89B04D24-DF92-4242-8A56-0C4AD06B115A}"
EndProject
Project("{9A19103F-16F7-4668-BE54-9A1E7A4F7556}") = "Common", "Common\Common.csproj", "{8D79696C-0CD8-4490-8C6A-A997E817AB5E}"
EndProject
Project("{9A19103F-16F7-4668-BE54-9A1E7A4F7556}") = "Day2", "Day2\Day2.csproj", "{23E9B108-8DF5-43D3-BC24-10EEE86F2A25}"
EndProject
Project("{9A19103F-16F7-4668-BE54-9A1E7A4F7556}") = "Day3", "Day3\Day3.csproj", "{8A85E12D-C66A-4CB4-B8E8-22FDC2A4A4B4}"
EndProject
Project("{FAE04EC0-301F-11D3-BF4B-00C04F79EFBC}") = "Day4", "Day4\Day4.csproj", "{863997D0-439A-4233-870F-451CC07DF44A}"
EndProject
Project("{FAE04EC0-301F-11D3-BF4B-00C04F79EFBC}") = "Day5", "Day5\Day5.csproj", "{1513F49D-6624-44CF-8A1A-DCE21CE5429F}"
EndProject
Project("{FAE04EC0-301F-11D3-BF4B-00C04F79EFBC}") = "Day6", "Day6\Day6.csproj", "{B096B20A-4203-4612-83CE-754BA59D4735}"
EndProject
Project("{FAE04EC0-301F-11D3-BF4B-00C04F79EFBC}") = "Day7", "Day7\Day7.csproj", "{9C26EA47-2886-4F60-85FA-D9DD95CCCEE4}"
EndProject
Global
	GlobalSection(SolutionConfigurationPlatforms) = preSolution
		Debug|Any CPU = Debug|Any CPU
		Release|Any CPU = Release|Any CPU
	EndGlobalSection
	GlobalSection(ProjectConfigurationPlatforms) = postSolution
		{89B04D24-DF92-4242-8A56-0C4AD06B115A}.Debug|Any CPU.ActiveCfg = Debug|Any CPU
		{89B04D24-DF92-4242-8A56-0C4AD06B115A}.Debug|Any CPU.Build.0 = Debug|Any CPU
		{89B04D24-DF92-4242-8A56-0C4AD06B115A}.Release|Any CPU.ActiveCfg = Release|Any CPU
		{89B04D24-DF92-4242-8A56-0C4AD06B115A}.Release|Any CPU.Build.0 = Release|Any CPU
		{8D79696C-0CD8-4490-8C6A-A997E817AB5E}.Debug|Any CPU.ActiveCfg = Debug|Any CPU
		{8D79696C-0CD8-4490-8C6A-A997E817AB5E}.Debug|Any CPU.Build.0 = Debug|Any CPU
		{8D79696C-0CD8-4490-8C6A-A997E817AB5E}.Release|Any CPU.ActiveCfg = Release|Any CPU
		{8D79696C-0CD8-4490-8C6A-A997E817AB5E}.Release|Any CPU.Build.0 = Release|Any CPU
		{23E9B108-8DF5-43D3-BC24-10EEE86F2A25}.Debug|Any CPU.ActiveCfg = Debug|Any CPU
		{23E9B108-8DF5-43D3-BC24-10EEE86F2A25}.Debug|Any CPU.Build.0 = Debug|Any CPU
		{23E9B108-8DF5-43D3-BC24-10EEE86F2A25}.Release|Any CPU.ActiveCfg = Release|Any CPU
		{23E9B108-8DF5-43D3-BC24-10EEE86F2A25}.Release|Any CPU.Build.0 = Release|Any CPU
		{8A85E12D-C66A-4CB4-B8E8-22FDC2A4A4B4}.Debug|Any CPU.ActiveCfg = Debug|Any CPU
		{8A85E12D-C66A-4CB4-B8E8-22FDC2A4A4B4}.Debug|Any CPU.Build.0 = Debug|Any CPU
		{8A85E12D-C66A-4CB4-B8E8-22FDC2A4A4B4}.Release|Any CPU.ActiveCfg = Release|Any CPU
		{8A85E12D-C66A-4CB4-B8E8-22FDC2A4A4B4}.Release|Any CPU.Build.0 = Release|Any CPU
		{863997D0-439A-4233-870F-451CC07DF44A}.Debug|Any CPU.ActiveCfg = Debug|Any CPU
		{863997D0-439A-4233-870F-451CC07DF44A}.Debug|Any CPU.Build.0 = Debug|Any CPU
		{863997D0-439A-4233-870F-451CC07DF44A}.Release|Any CPU.ActiveCfg = Release|Any CPU
		{863997D0-439A-4233-870F-451CC07DF44A}.Release|Any CPU.Build.0 = Release|Any CPU
		{1513F49D-6624-44CF-8A1A-DCE21CE5429F}.Debug|Any CPU.ActiveCfg = Debug|Any CPU
		{1513F49D-6624-44CF-8A1A-DCE21CE5429F}.Debug|Any CPU.Build.0 = Debug|Any CPU
		{1513F49D-6624-44CF-8A1A-DCE21CE5429F}.Release|Any CPU.ActiveCfg = Release|Any CPU
		{1513F49D-6624-44CF-8A1A-DCE21CE5429F}.Release|Any CPU.Build.0 = Release|Any CPU
		{B096B20A-4203-4612-83CE-754BA59D4735}.Debug|Any CPU.ActiveCfg = Debug|Any CPU
		{B096B20A-4203-4612-83CE-754BA59D4735}.Debug|Any CPU.Build.0 = Debug|Any CPU
		{B096B20A-4203-4612-83CE-754BA59D4735}.Release|Any CPU.ActiveCfg = Release|Any CPU
		{B096B20A-4203-4612-83CE-754BA59D4735}.Release|Any CPU.Build.0 = Release|Any CPU
		{9C26EA47-2886-4F60-85FA-D9DD95CCCEE4}.Debug|Any CPU.ActiveCfg = Debug|Any CPU
		{9C26EA47-2886-4F60-85FA-D9DD95CCCEE4}.Debug|Any CPU.Build.0 = Debug|Any CPU
		{9C26EA47-2886-4F60-85FA-D9DD95CCCEE4}.Release|Any CPU.ActiveCfg = Release|Any CPU
		{9C26EA47-2886-4F60-85FA-D9DD95CCCEE4}.Release|Any CPU.Build.0 = Release|Any CPU
	EndGlobalSection
	GlobalSection(SolutionProperties) = preSolution
		HideSolutionNode = FALSE
	EndGlobalSection
	GlobalSection(ExtensibilityGlobals) = postSolution
		SolutionGuid = {F581A55F-8C80-410A-BED6-56BBD576F081}
	EndGlobalSection
EndGlobal
